
Microsoft Visual Studio Solution File, Format Version 12.00
# Visual Studio Version 17
VisualStudioVersion = 17.0.31612.314
MinimumVisualStudioVersion = 10.0.40219.1
Project("{9A19103F-16F7-4668-BE54-9A1E7A4F7556}") = "Clf.ChannelAccess", "Clf.ChannelAccess\Clf.ChannelAccess.csproj", "{38E776F5-5BE0-4C78-BCB3-0A825751E60B}"
EndProject
Project("{9A19103F-16F7-4668-BE54-9A1E7A4F7556}") = "Clf.ChannelAccess.Tests", "Clf.ChannelAccess.Tests\Clf.ChannelAccess.Tests.csproj", "{C0E212DC-70BA-4A57-8D5A-C9B7634C455A}"
EndProject
Project("{9A19103F-16F7-4668-BE54-9A1E7A4F7556}") = "Clf.ChannelAccess.UsageExamples", "Clf.ChannelAccess.UsageExamples\Clf.ChannelAccess.UsageExamples.csproj", "{B613C7AF-7CD6-4FD7-8A7E-8F4EF6C70389}"
EndProject
Project("{9A19103F-16F7-4668-BE54-9A1E7A4F7556}") = "Clf.ChannelAccess.WinFormsApp", "Clf.ChannelAccess.WinFormsApp\Clf.ChannelAccess.WinFormsApp.csproj", "{FFDF826F-76EB-4C1B-A881-20C3DA460EFC}"
EndProject
Project("{9A19103F-16F7-4668-BE54-9A1E7A4F7556}") = "Clf.ChannelAccess.CommandLineApp", "Clf.ChannelAccess.CommandLineApp\Clf.ChannelAccess.CommandLineApp.csproj", "{42E32C70-CB85-42DB-B177-B4DB331F2DA0}"
EndProject
Project("{9A19103F-16F7-4668-BE54-9A1E7A4F7556}") = "Clf.Common", "..\CLF.DotNet.Common\Clf.Common\Clf.Common.csproj", "{6F2B1C1A-152C-48D4-8068-B79115169398}"
EndProject
Project("{9A19103F-16F7-4668-BE54-9A1E7A4F7556}") = "Clf.ChannelAccess.ValueGetter", "Clf.ChannelAccess.ValueGetter\Clf.ChannelAccess.ValueGetter.csproj", "{75A4E69E-D8EA-4B3D-A1FE-765C84466219}"
EndProject
Project("{C7167F0D-BC9F-4E6E-AFE1-012C56B48DB5}") = "Clf.ChannelAccess.CommandLineApp.MsixPackage", "Clf.ChannelAccess.CommandLineApp.MsixPackage\Clf.ChannelAccess.CommandLineApp.MsixPackage.wapproj", "{E2529278-DA86-4011-9160-FC95F791EB4F}"
EndProject
Project("{9A19103F-16F7-4668-BE54-9A1E7A4F7556}") = "Clf.ChannelAccess.Experimental", "Clf.ChannelAccess.Experimental\Clf.ChannelAccess.Experimental.csproj", "{1EEAA47A-2EC0-46AD-BC1A-137B7BFABC78}"
EndProject
Project("{9A19103F-16F7-4668-BE54-9A1E7A4F7556}") = "Clf.ThinIoc", "Clf.ThinIoc\Clf.ThinIoc.csproj", "{365DEA84-F03A-4281-8699-770310BB93CA}"
EndProject
Project("{9A19103F-16F7-4668-BE54-9A1E7A4F7556}") = "Clf.EpicsDlls", "Clf.EpicsDlls\Clf.EpicsDlls.csproj", "{6B885E48-0B4B-480B-8791-D30FA1FF8117}"
EndProject
Global
	GlobalSection(SolutionConfigurationPlatforms) = preSolution
		Debug|Any CPU = Debug|Any CPU
		Debug|ARM = Debug|ARM
		Debug|arm64 = Debug|arm64
		Debug|x64 = Debug|x64
		Debug|x86 = Debug|x86
		Release|Any CPU = Release|Any CPU
		Release|ARM = Release|ARM
		Release|arm64 = Release|arm64
		Release|x64 = Release|x64
		Release|x86 = Release|x86
	EndGlobalSection
	GlobalSection(ProjectConfigurationPlatforms) = postSolution
		{38E776F5-5BE0-4C78-BCB3-0A825751E60B}.Debug|Any CPU.ActiveCfg = Debug|Any CPU
		{38E776F5-5BE0-4C78-BCB3-0A825751E60B}.Debug|Any CPU.Build.0 = Debug|Any CPU
		{38E776F5-5BE0-4C78-BCB3-0A825751E60B}.Debug|ARM.ActiveCfg = Debug|Any CPU
		{38E776F5-5BE0-4C78-BCB3-0A825751E60B}.Debug|ARM.Build.0 = Debug|Any CPU
		{38E776F5-5BE0-4C78-BCB3-0A825751E60B}.Debug|arm64.ActiveCfg = Debug|Any CPU
		{38E776F5-5BE0-4C78-BCB3-0A825751E60B}.Debug|arm64.Build.0 = Debug|Any CPU
		{38E776F5-5BE0-4C78-BCB3-0A825751E60B}.Debug|x64.ActiveCfg = Debug|Any CPU
		{38E776F5-5BE0-4C78-BCB3-0A825751E60B}.Debug|x64.Build.0 = Debug|Any CPU
		{38E776F5-5BE0-4C78-BCB3-0A825751E60B}.Debug|x86.ActiveCfg = Debug|Any CPU
		{38E776F5-5BE0-4C78-BCB3-0A825751E60B}.Debug|x86.Build.0 = Debug|Any CPU
		{38E776F5-5BE0-4C78-BCB3-0A825751E60B}.Release|Any CPU.ActiveCfg = Release|Any CPU
		{38E776F5-5BE0-4C78-BCB3-0A825751E60B}.Release|Any CPU.Build.0 = Release|Any CPU
		{38E776F5-5BE0-4C78-BCB3-0A825751E60B}.Release|ARM.ActiveCfg = Release|Any CPU
		{38E776F5-5BE0-4C78-BCB3-0A825751E60B}.Release|ARM.Build.0 = Release|Any CPU
		{38E776F5-5BE0-4C78-BCB3-0A825751E60B}.Release|arm64.ActiveCfg = Release|Any CPU
		{38E776F5-5BE0-4C78-BCB3-0A825751E60B}.Release|arm64.Build.0 = Release|Any CPU
		{38E776F5-5BE0-4C78-BCB3-0A825751E60B}.Release|x64.ActiveCfg = Release|Any CPU
		{38E776F5-5BE0-4C78-BCB3-0A825751E60B}.Release|x64.Build.0 = Release|Any CPU
		{38E776F5-5BE0-4C78-BCB3-0A825751E60B}.Release|x86.ActiveCfg = Release|Any CPU
		{38E776F5-5BE0-4C78-BCB3-0A825751E60B}.Release|x86.Build.0 = Release|Any CPU
		{C0E212DC-70BA-4A57-8D5A-C9B7634C455A}.Debug|Any CPU.ActiveCfg = Debug|Any CPU
		{C0E212DC-70BA-4A57-8D5A-C9B7634C455A}.Debug|Any CPU.Build.0 = Debug|Any CPU
		{C0E212DC-70BA-4A57-8D5A-C9B7634C455A}.Debug|ARM.ActiveCfg = Debug|Any CPU
		{C0E212DC-70BA-4A57-8D5A-C9B7634C455A}.Debug|ARM.Build.0 = Debug|Any CPU
		{C0E212DC-70BA-4A57-8D5A-C9B7634C455A}.Debug|arm64.ActiveCfg = Debug|Any CPU
		{C0E212DC-70BA-4A57-8D5A-C9B7634C455A}.Debug|arm64.Build.0 = Debug|Any CPU
		{C0E212DC-70BA-4A57-8D5A-C9B7634C455A}.Debug|x64.ActiveCfg = Debug|Any CPU
		{C0E212DC-70BA-4A57-8D5A-C9B7634C455A}.Debug|x64.Build.0 = Debug|Any CPU
		{C0E212DC-70BA-4A57-8D5A-C9B7634C455A}.Debug|x86.ActiveCfg = Debug|Any CPU
		{C0E212DC-70BA-4A57-8D5A-C9B7634C455A}.Debug|x86.Build.0 = Debug|Any CPU
		{C0E212DC-70BA-4A57-8D5A-C9B7634C455A}.Release|Any CPU.ActiveCfg = Release|Any CPU
		{C0E212DC-70BA-4A57-8D5A-C9B7634C455A}.Release|Any CPU.Build.0 = Release|Any CPU
		{C0E212DC-70BA-4A57-8D5A-C9B7634C455A}.Release|ARM.ActiveCfg = Release|Any CPU
		{C0E212DC-70BA-4A57-8D5A-C9B7634C455A}.Release|ARM.Build.0 = Release|Any CPU
		{C0E212DC-70BA-4A57-8D5A-C9B7634C455A}.Release|arm64.ActiveCfg = Release|Any CPU
		{C0E212DC-70BA-4A57-8D5A-C9B7634C455A}.Release|arm64.Build.0 = Release|Any CPU
		{C0E212DC-70BA-4A57-8D5A-C9B7634C455A}.Release|x64.ActiveCfg = Release|Any CPU
		{C0E212DC-70BA-4A57-8D5A-C9B7634C455A}.Release|x64.Build.0 = Release|Any CPU
		{C0E212DC-70BA-4A57-8D5A-C9B7634C455A}.Release|x86.ActiveCfg = Release|Any CPU
		{C0E212DC-70BA-4A57-8D5A-C9B7634C455A}.Release|x86.Build.0 = Release|Any CPU
		{B613C7AF-7CD6-4FD7-8A7E-8F4EF6C70389}.Debug|Any CPU.ActiveCfg = Debug|Any CPU
		{B613C7AF-7CD6-4FD7-8A7E-8F4EF6C70389}.Debug|Any CPU.Build.0 = Debug|Any CPU
		{B613C7AF-7CD6-4FD7-8A7E-8F4EF6C70389}.Debug|ARM.ActiveCfg = Debug|Any CPU
		{B613C7AF-7CD6-4FD7-8A7E-8F4EF6C70389}.Debug|ARM.Build.0 = Debug|Any CPU
		{B613C7AF-7CD6-4FD7-8A7E-8F4EF6C70389}.Debug|arm64.ActiveCfg = Debug|Any CPU
		{B613C7AF-7CD6-4FD7-8A7E-8F4EF6C70389}.Debug|arm64.Build.0 = Debug|Any CPU
		{B613C7AF-7CD6-4FD7-8A7E-8F4EF6C70389}.Debug|x64.ActiveCfg = Debug|Any CPU
		{B613C7AF-7CD6-4FD7-8A7E-8F4EF6C70389}.Debug|x64.Build.0 = Debug|Any CPU
		{B613C7AF-7CD6-4FD7-8A7E-8F4EF6C70389}.Debug|x86.ActiveCfg = Debug|Any CPU
		{B613C7AF-7CD6-4FD7-8A7E-8F4EF6C70389}.Debug|x86.Build.0 = Debug|Any CPU
		{B613C7AF-7CD6-4FD7-8A7E-8F4EF6C70389}.Release|Any CPU.ActiveCfg = Release|Any CPU
		{B613C7AF-7CD6-4FD7-8A7E-8F4EF6C70389}.Release|Any CPU.Build.0 = Release|Any CPU
		{B613C7AF-7CD6-4FD7-8A7E-8F4EF6C70389}.Release|ARM.ActiveCfg = Release|Any CPU
		{B613C7AF-7CD6-4FD7-8A7E-8F4EF6C70389}.Release|ARM.Build.0 = Release|Any CPU
		{B613C7AF-7CD6-4FD7-8A7E-8F4EF6C70389}.Release|arm64.ActiveCfg = Release|Any CPU
		{B613C7AF-7CD6-4FD7-8A7E-8F4EF6C70389}.Release|arm64.Build.0 = Release|Any CPU
		{B613C7AF-7CD6-4FD7-8A7E-8F4EF6C70389}.Release|x64.ActiveCfg = Release|Any CPU
		{B613C7AF-7CD6-4FD7-8A7E-8F4EF6C70389}.Release|x64.Build.0 = Release|Any CPU
		{B613C7AF-7CD6-4FD7-8A7E-8F4EF6C70389}.Release|x86.ActiveCfg = Release|Any CPU
		{B613C7AF-7CD6-4FD7-8A7E-8F4EF6C70389}.Release|x86.Build.0 = Release|Any CPU
		{FFDF826F-76EB-4C1B-A881-20C3DA460EFC}.Debug|Any CPU.ActiveCfg = Debug|Any CPU
		{FFDF826F-76EB-4C1B-A881-20C3DA460EFC}.Debug|Any CPU.Build.0 = Debug|Any CPU
		{FFDF826F-76EB-4C1B-A881-20C3DA460EFC}.Debug|ARM.ActiveCfg = Debug|Any CPU
		{FFDF826F-76EB-4C1B-A881-20C3DA460EFC}.Debug|ARM.Build.0 = Debug|Any CPU
		{FFDF826F-76EB-4C1B-A881-20C3DA460EFC}.Debug|arm64.ActiveCfg = Debug|Any CPU
		{FFDF826F-76EB-4C1B-A881-20C3DA460EFC}.Debug|arm64.Build.0 = Debug|Any CPU
		{FFDF826F-76EB-4C1B-A881-20C3DA460EFC}.Debug|x64.ActiveCfg = Debug|Any CPU
		{FFDF826F-76EB-4C1B-A881-20C3DA460EFC}.Debug|x64.Build.0 = Debug|Any CPU
		{FFDF826F-76EB-4C1B-A881-20C3DA460EFC}.Debug|x86.ActiveCfg = Debug|Any CPU
		{FFDF826F-76EB-4C1B-A881-20C3DA460EFC}.Debug|x86.Build.0 = Debug|Any CPU
		{FFDF826F-76EB-4C1B-A881-20C3DA460EFC}.Release|Any CPU.ActiveCfg = Release|Any CPU
		{FFDF826F-76EB-4C1B-A881-20C3DA460EFC}.Release|Any CPU.Build.0 = Release|Any CPU
		{FFDF826F-76EB-4C1B-A881-20C3DA460EFC}.Release|ARM.ActiveCfg = Release|Any CPU
		{FFDF826F-76EB-4C1B-A881-20C3DA460EFC}.Release|ARM.Build.0 = Release|Any CPU
		{FFDF826F-76EB-4C1B-A881-20C3DA460EFC}.Release|arm64.ActiveCfg = Release|Any CPU
		{FFDF826F-76EB-4C1B-A881-20C3DA460EFC}.Release|arm64.Build.0 = Release|Any CPU
		{FFDF826F-76EB-4C1B-A881-20C3DA460EFC}.Release|x64.ActiveCfg = Release|Any CPU
		{FFDF826F-76EB-4C1B-A881-20C3DA460EFC}.Release|x64.Build.0 = Release|Any CPU
		{FFDF826F-76EB-4C1B-A881-20C3DA460EFC}.Release|x86.ActiveCfg = Release|Any CPU
		{FFDF826F-76EB-4C1B-A881-20C3DA460EFC}.Release|x86.Build.0 = Release|Any CPU
		{42E32C70-CB85-42DB-B177-B4DB331F2DA0}.Debug|Any CPU.ActiveCfg = Debug|Any CPU
		{42E32C70-CB85-42DB-B177-B4DB331F2DA0}.Debug|Any CPU.Build.0 = Debug|Any CPU
		{42E32C70-CB85-42DB-B177-B4DB331F2DA0}.Debug|ARM.ActiveCfg = Debug|Any CPU
		{42E32C70-CB85-42DB-B177-B4DB331F2DA0}.Debug|ARM.Build.0 = Debug|Any CPU
		{42E32C70-CB85-42DB-B177-B4DB331F2DA0}.Debug|arm64.ActiveCfg = Debug|Any CPU
		{42E32C70-CB85-42DB-B177-B4DB331F2DA0}.Debug|arm64.Build.0 = Debug|Any CPU
		{42E32C70-CB85-42DB-B177-B4DB331F2DA0}.Debug|x64.ActiveCfg = Debug|Any CPU
		{42E32C70-CB85-42DB-B177-B4DB331F2DA0}.Debug|x64.Build.0 = Debug|Any CPU
		{42E32C70-CB85-42DB-B177-B4DB331F2DA0}.Debug|x86.ActiveCfg = Debug|Any CPU
		{42E32C70-CB85-42DB-B177-B4DB331F2DA0}.Debug|x86.Build.0 = Debug|Any CPU
		{42E32C70-CB85-42DB-B177-B4DB331F2DA0}.Release|Any CPU.ActiveCfg = Release|Any CPU
		{42E32C70-CB85-42DB-B177-B4DB331F2DA0}.Release|Any CPU.Build.0 = Release|Any CPU
		{42E32C70-CB85-42DB-B177-B4DB331F2DA0}.Release|ARM.ActiveCfg = Release|Any CPU
		{42E32C70-CB85-42DB-B177-B4DB331F2DA0}.Release|ARM.Build.0 = Release|Any CPU
		{42E32C70-CB85-42DB-B177-B4DB331F2DA0}.Release|arm64.ActiveCfg = Release|Any CPU
		{42E32C70-CB85-42DB-B177-B4DB331F2DA0}.Release|arm64.Build.0 = Release|Any CPU
		{42E32C70-CB85-42DB-B177-B4DB331F2DA0}.Release|x64.ActiveCfg = Release|Any CPU
		{42E32C70-CB85-42DB-B177-B4DB331F2DA0}.Release|x64.Build.0 = Release|Any CPU
		{42E32C70-CB85-42DB-B177-B4DB331F2DA0}.Release|x86.ActiveCfg = Release|Any CPU
		{42E32C70-CB85-42DB-B177-B4DB331F2DA0}.Release|x86.Build.0 = Release|Any CPU
		{6F2B1C1A-152C-48D4-8068-B79115169398}.Debug|Any CPU.ActiveCfg = Debug|Any CPU
		{6F2B1C1A-152C-48D4-8068-B79115169398}.Debug|Any CPU.Build.0 = Debug|Any CPU
		{6F2B1C1A-152C-48D4-8068-B79115169398}.Debug|ARM.ActiveCfg = Debug|Any CPU
		{6F2B1C1A-152C-48D4-8068-B79115169398}.Debug|ARM.Build.0 = Debug|Any CPU
		{6F2B1C1A-152C-48D4-8068-B79115169398}.Debug|arm64.ActiveCfg = Debug|Any CPU
		{6F2B1C1A-152C-48D4-8068-B79115169398}.Debug|arm64.Build.0 = Debug|Any CPU
		{6F2B1C1A-152C-48D4-8068-B79115169398}.Debug|x64.ActiveCfg = Debug|Any CPU
		{6F2B1C1A-152C-48D4-8068-B79115169398}.Debug|x64.Build.0 = Debug|Any CPU
		{6F2B1C1A-152C-48D4-8068-B79115169398}.Debug|x86.ActiveCfg = Debug|Any CPU
		{6F2B1C1A-152C-48D4-8068-B79115169398}.Debug|x86.Build.0 = Debug|Any CPU
		{6F2B1C1A-152C-48D4-8068-B79115169398}.Release|Any CPU.ActiveCfg = Release|Any CPU
		{6F2B1C1A-152C-48D4-8068-B79115169398}.Release|Any CPU.Build.0 = Release|Any CPU
		{6F2B1C1A-152C-48D4-8068-B79115169398}.Release|ARM.ActiveCfg = Release|Any CPU
		{6F2B1C1A-152C-48D4-8068-B79115169398}.Release|ARM.Build.0 = Release|Any CPU
		{6F2B1C1A-152C-48D4-8068-B79115169398}.Release|arm64.ActiveCfg = Release|Any CPU
		{6F2B1C1A-152C-48D4-8068-B79115169398}.Release|arm64.Build.0 = Release|Any CPU
		{6F2B1C1A-152C-48D4-8068-B79115169398}.Release|x64.ActiveCfg = Release|Any CPU
		{6F2B1C1A-152C-48D4-8068-B79115169398}.Release|x64.Build.0 = Release|Any CPU
		{6F2B1C1A-152C-48D4-8068-B79115169398}.Release|x86.ActiveCfg = Release|Any CPU
		{6F2B1C1A-152C-48D4-8068-B79115169398}.Release|x86.Build.0 = Release|Any CPU
		{75A4E69E-D8EA-4B3D-A1FE-765C84466219}.Debug|Any CPU.ActiveCfg = Debug|Any CPU
		{75A4E69E-D8EA-4B3D-A1FE-765C84466219}.Debug|Any CPU.Build.0 = Debug|Any CPU
		{75A4E69E-D8EA-4B3D-A1FE-765C84466219}.Debug|ARM.ActiveCfg = Debug|Any CPU
		{75A4E69E-D8EA-4B3D-A1FE-765C84466219}.Debug|ARM.Build.0 = Debug|Any CPU
		{75A4E69E-D8EA-4B3D-A1FE-765C84466219}.Debug|arm64.ActiveCfg = Debug|Any CPU
		{75A4E69E-D8EA-4B3D-A1FE-765C84466219}.Debug|arm64.Build.0 = Debug|Any CPU
		{75A4E69E-D8EA-4B3D-A1FE-765C84466219}.Debug|x64.ActiveCfg = Debug|Any CPU
		{75A4E69E-D8EA-4B3D-A1FE-765C84466219}.Debug|x64.Build.0 = Debug|Any CPU
		{75A4E69E-D8EA-4B3D-A1FE-765C84466219}.Debug|x86.ActiveCfg = Debug|Any CPU
		{75A4E69E-D8EA-4B3D-A1FE-765C84466219}.Debug|x86.Build.0 = Debug|Any CPU
		{75A4E69E-D8EA-4B3D-A1FE-765C84466219}.Release|Any CPU.ActiveCfg = Release|Any CPU
		{75A4E69E-D8EA-4B3D-A1FE-765C84466219}.Release|Any CPU.Build.0 = Release|Any CPU
		{75A4E69E-D8EA-4B3D-A1FE-765C84466219}.Release|ARM.ActiveCfg = Release|Any CPU
		{75A4E69E-D8EA-4B3D-A1FE-765C84466219}.Release|ARM.Build.0 = Release|Any CPU
		{75A4E69E-D8EA-4B3D-A1FE-765C84466219}.Release|arm64.ActiveCfg = Release|Any CPU
		{75A4E69E-D8EA-4B3D-A1FE-765C84466219}.Release|arm64.Build.0 = Release|Any CPU
		{75A4E69E-D8EA-4B3D-A1FE-765C84466219}.Release|x64.ActiveCfg = Release|Any CPU
		{75A4E69E-D8EA-4B3D-A1FE-765C84466219}.Release|x64.Build.0 = Release|Any CPU
		{75A4E69E-D8EA-4B3D-A1FE-765C84466219}.Release|x86.ActiveCfg = Release|Any CPU
		{75A4E69E-D8EA-4B3D-A1FE-765C84466219}.Release|x86.Build.0 = Release|Any CPU
		{E2529278-DA86-4011-9160-FC95F791EB4F}.Debug|Any CPU.ActiveCfg = Debug|Any CPU
		{E2529278-DA86-4011-9160-FC95F791EB4F}.Debug|Any CPU.Build.0 = Debug|Any CPU
		{E2529278-DA86-4011-9160-FC95F791EB4F}.Debug|Any CPU.Deploy.0 = Debug|Any CPU
		{E2529278-DA86-4011-9160-FC95F791EB4F}.Debug|ARM.ActiveCfg = Debug|ARM
		{E2529278-DA86-4011-9160-FC95F791EB4F}.Debug|ARM.Build.0 = Debug|ARM
		{E2529278-DA86-4011-9160-FC95F791EB4F}.Debug|ARM.Deploy.0 = Debug|ARM
		{E2529278-DA86-4011-9160-FC95F791EB4F}.Debug|arm64.ActiveCfg = Debug|ARM64
		{E2529278-DA86-4011-9160-FC95F791EB4F}.Debug|arm64.Build.0 = Debug|ARM64
		{E2529278-DA86-4011-9160-FC95F791EB4F}.Debug|arm64.Deploy.0 = Debug|ARM64
		{E2529278-DA86-4011-9160-FC95F791EB4F}.Debug|x64.ActiveCfg = Debug|Any CPU
		{E2529278-DA86-4011-9160-FC95F791EB4F}.Debug|x64.Build.0 = Debug|Any CPU
		{E2529278-DA86-4011-9160-FC95F791EB4F}.Debug|x64.Deploy.0 = Debug|Any CPU
		{E2529278-DA86-4011-9160-FC95F791EB4F}.Debug|x86.ActiveCfg = Debug|x86
		{E2529278-DA86-4011-9160-FC95F791EB4F}.Debug|x86.Build.0 = Debug|x86
		{E2529278-DA86-4011-9160-FC95F791EB4F}.Debug|x86.Deploy.0 = Debug|x86
		{E2529278-DA86-4011-9160-FC95F791EB4F}.Release|Any CPU.ActiveCfg = Release|Any CPU
		{E2529278-DA86-4011-9160-FC95F791EB4F}.Release|Any CPU.Build.0 = Release|Any CPU
		{E2529278-DA86-4011-9160-FC95F791EB4F}.Release|Any CPU.Deploy.0 = Release|Any CPU
		{E2529278-DA86-4011-9160-FC95F791EB4F}.Release|ARM.ActiveCfg = Release|ARM
		{E2529278-DA86-4011-9160-FC95F791EB4F}.Release|ARM.Build.0 = Release|ARM
		{E2529278-DA86-4011-9160-FC95F791EB4F}.Release|ARM.Deploy.0 = Release|ARM
		{E2529278-DA86-4011-9160-FC95F791EB4F}.Release|arm64.ActiveCfg = Release|ARM64
		{E2529278-DA86-4011-9160-FC95F791EB4F}.Release|arm64.Build.0 = Release|ARM64
		{E2529278-DA86-4011-9160-FC95F791EB4F}.Release|arm64.Deploy.0 = Release|ARM64
		{E2529278-DA86-4011-9160-FC95F791EB4F}.Release|x64.ActiveCfg = Release|x64
		{E2529278-DA86-4011-9160-FC95F791EB4F}.Release|x64.Build.0 = Release|x64
		{E2529278-DA86-4011-9160-FC95F791EB4F}.Release|x64.Deploy.0 = Release|x64
		{E2529278-DA86-4011-9160-FC95F791EB4F}.Release|x86.ActiveCfg = Release|x86
		{E2529278-DA86-4011-9160-FC95F791EB4F}.Release|x86.Build.0 = Release|x86
		{E2529278-DA86-4011-9160-FC95F791EB4F}.Release|x86.Deploy.0 = Release|x86
		{1EEAA47A-2EC0-46AD-BC1A-137B7BFABC78}.Debug|Any CPU.ActiveCfg = Debug|Any CPU
		{1EEAA47A-2EC0-46AD-BC1A-137B7BFABC78}.Debug|Any CPU.Build.0 = Debug|Any CPU
		{1EEAA47A-2EC0-46AD-BC1A-137B7BFABC78}.Debug|ARM.ActiveCfg = Debug|Any CPU
		{1EEAA47A-2EC0-46AD-BC1A-137B7BFABC78}.Debug|ARM.Build.0 = Debug|Any CPU
		{1EEAA47A-2EC0-46AD-BC1A-137B7BFABC78}.Debug|arm64.ActiveCfg = Debug|Any CPU
		{1EEAA47A-2EC0-46AD-BC1A-137B7BFABC78}.Debug|arm64.Build.0 = Debug|Any CPU
		{1EEAA47A-2EC0-46AD-BC1A-137B7BFABC78}.Debug|x64.ActiveCfg = Debug|Any CPU
		{1EEAA47A-2EC0-46AD-BC1A-137B7BFABC78}.Debug|x64.Build.0 = Debug|Any CPU
		{1EEAA47A-2EC0-46AD-BC1A-137B7BFABC78}.Debug|x86.ActiveCfg = Debug|Any CPU
		{1EEAA47A-2EC0-46AD-BC1A-137B7BFABC78}.Debug|x86.Build.0 = Debug|Any CPU
		{1EEAA47A-2EC0-46AD-BC1A-137B7BFABC78}.Release|Any CPU.ActiveCfg = Release|Any CPU
		{1EEAA47A-2EC0-46AD-BC1A-137B7BFABC78}.Release|Any CPU.Build.0 = Release|Any CPU
		{1EEAA47A-2EC0-46AD-BC1A-137B7BFABC78}.Release|ARM.ActiveCfg = Release|Any CPU
		{1EEAA47A-2EC0-46AD-BC1A-137B7BFABC78}.Release|ARM.Build.0 = Release|Any CPU
		{1EEAA47A-2EC0-46AD-BC1A-137B7BFABC78}.Release|arm64.ActiveCfg = Release|Any CPU
		{1EEAA47A-2EC0-46AD-BC1A-137B7BFABC78}.Release|arm64.Build.0 = Release|Any CPU
		{1EEAA47A-2EC0-46AD-BC1A-137B7BFABC78}.Release|x64.ActiveCfg = Release|Any CPU
		{1EEAA47A-2EC0-46AD-BC1A-137B7BFABC78}.Release|x64.Build.0 = Release|Any CPU
		{1EEAA47A-2EC0-46AD-BC1A-137B7BFABC78}.Release|x86.ActiveCfg = Release|Any CPU
		{1EEAA47A-2EC0-46AD-BC1A-137B7BFABC78}.Release|x86.Build.0 = Release|Any CPU
		{365DEA84-F03A-4281-8699-770310BB93CA}.Debug|Any CPU.ActiveCfg = Debug|Any CPU
		{365DEA84-F03A-4281-8699-770310BB93CA}.Debug|Any CPU.Build.0 = Debug|Any CPU
		{365DEA84-F03A-4281-8699-770310BB93CA}.Debug|ARM.ActiveCfg = Debug|Any CPU
		{365DEA84-F03A-4281-8699-770310BB93CA}.Debug|ARM.Build.0 = Debug|Any CPU
		{365DEA84-F03A-4281-8699-770310BB93CA}.Debug|arm64.ActiveCfg = Debug|Any CPU
		{365DEA84-F03A-4281-8699-770310BB93CA}.Debug|arm64.Build.0 = Debug|Any CPU
		{365DEA84-F03A-4281-8699-770310BB93CA}.Debug|x64.ActiveCfg = Debug|Any CPU
		{365DEA84-F03A-4281-8699-770310BB93CA}.Debug|x64.Build.0 = Debug|Any CPU
		{365DEA84-F03A-4281-8699-770310BB93CA}.Debug|x86.ActiveCfg = Debug|Any CPU
		{365DEA84-F03A-4281-8699-770310BB93CA}.Debug|x86.Build.0 = Debug|Any CPU
		{365DEA84-F03A-4281-8699-770310BB93CA}.Release|Any CPU.ActiveCfg = Release|Any CPU
		{365DEA84-F03A-4281-8699-770310BB93CA}.Release|Any CPU.Build.0 = Release|Any CPU
		{365DEA84-F03A-4281-8699-770310BB93CA}.Release|ARM.ActiveCfg = Release|Any CPU
		{365DEA84-F03A-4281-8699-770310BB93CA}.Release|ARM.Build.0 = Release|Any CPU
		{365DEA84-F03A-4281-8699-770310BB93CA}.Release|arm64.ActiveCfg = Release|Any CPU
		{365DEA84-F03A-4281-8699-770310BB93CA}.Release|arm64.Build.0 = Release|Any CPU
		{365DEA84-F03A-4281-8699-770310BB93CA}.Release|x64.ActiveCfg = Release|Any CPU
		{365DEA84-F03A-4281-8699-770310BB93CA}.Release|x64.Build.0 = Release|Any CPU
		{365DEA84-F03A-4281-8699-770310BB93CA}.Release|x86.ActiveCfg = Release|Any CPU
		{365DEA84-F03A-4281-8699-770310BB93CA}.Release|x86.Build.0 = Release|Any CPU
		{6B885E48-0B4B-480B-8791-D30FA1FF8117}.Debug|Any CPU.ActiveCfg = Debug|Any CPU
		{6B885E48-0B4B-480B-8791-D30FA1FF8117}.Debug|Any CPU.Build.0 = Debug|Any CPU
		{6B885E48-0B4B-480B-8791-D30FA1FF8117}.Debug|ARM.ActiveCfg = Debug|Any CPU
		{6B885E48-0B4B-480B-8791-D30FA1FF8117}.Debug|ARM.Build.0 = Debug|Any CPU
		{6B885E48-0B4B-480B-8791-D30FA1FF8117}.Debug|arm64.ActiveCfg = Debug|Any CPU
		{6B885E48-0B4B-480B-8791-D30FA1FF8117}.Debug|arm64.Build.0 = Debug|Any CPU
		{6B885E48-0B4B-480B-8791-D30FA1FF8117}.Debug|x64.ActiveCfg = Debug|Any CPU
		{6B885E48-0B4B-480B-8791-D30FA1FF8117}.Debug|x64.Build.0 = Debug|Any CPU
		{6B885E48-0B4B-480B-8791-D30FA1FF8117}.Debug|x86.ActiveCfg = Debug|Any CPU
		{6B885E48-0B4B-480B-8791-D30FA1FF8117}.Debug|x86.Build.0 = Debug|Any CPU
		{6B885E48-0B4B-480B-8791-D30FA1FF8117}.Release|Any CPU.ActiveCfg = Release|Any CPU
		{6B885E48-0B4B-480B-8791-D30FA1FF8117}.Release|Any CPU.Build.0 = Release|Any CPU
		{6B885E48-0B4B-480B-8791-D30FA1FF8117}.Release|ARM.ActiveCfg = Release|Any CPU
		{6B885E48-0B4B-480B-8791-D30FA1FF8117}.Release|ARM.Build.0 = Release|Any CPU
		{6B885E48-0B4B-480B-8791-D30FA1FF8117}.Release|arm64.ActiveCfg = Release|Any CPU
		{6B885E48-0B4B-480B-8791-D30FA1FF8117}.Release|arm64.Build.0 = Release|Any CPU
		{6B885E48-0B4B-480B-8791-D30FA1FF8117}.Release|x64.ActiveCfg = Release|Any CPU
		{6B885E48-0B4B-480B-8791-D30FA1FF8117}.Release|x64.Build.0 = Release|Any CPU
		{6B885E48-0B4B-480B-8791-D30FA1FF8117}.Release|x86.ActiveCfg = Release|Any CPU
		{6B885E48-0B4B-480B-8791-D30FA1FF8117}.Release|x86.Build.0 = Release|Any CPU
	EndGlobalSection
	GlobalSection(SolutionProperties) = preSolution
		HideSolutionNode = FALSE
	EndGlobalSection
	GlobalSection(ExtensibilityGlobals) = postSolution
		SolutionGuid = {373E493E-BA3F-4866-A984-6468FFD1CCFA}
	EndGlobalSection
EndGlobal
